<?xml version="1.0" encoding="utf-8"?>
<Project ToolsVersion="4.0" xmlns="http://schemas.microsoft.com/developer/msbuild/2003">
  <ItemGroup>
    <ClCompile Include="src\authorization\authorization.cpp" />
    <ClCompile Include="src\authorization\encryption.cpp" />
    <ClCompile Include="src\authorization\network.cpp" />
    <ClCompile Include="src\authorization\serverEvent.cpp" />
    <ClCompile Include="src\backend\backendAnticheat.cpp" />
    <ClCompile Include="src\backend\backendMain.cpp" />
    <ClCompile Include="src\backend\backendNatives.cpp" />
    <ClCompile Include="src\backend\backendHooking.cpp" />
    <ClCompile Include="src\backend\backendProtection.cpp" />
    <ClCompile Include="src\backend\backendSecurity.cpp" />
    <ClCompile Include="src\menu\submenus\main\recovery\evorecMenu.cpp" />
    <ClCompile Include="src\menu\submenus\main\spawn\loadingMenu.cpp" />
    <ClCompile Include="src\menu\submenus\main\spawn\loading\INIVehicleMenu.cpp" />
    <ClCompile Include="src\menu\submenus\main\shv\shvMenu.cpp" />
    <ClCompile Include="src\util\memory\pattern.cpp" />
    <ClCompile Include="src\menu\util\session.cpp" />
    <ClCompile Include="src\util\memory\patternBatch.cpp" />
    <ClCompile Include="src\util\memory\VPBypass.cpp" />
    <ClCompile Include="src\util\profiler.cpp" />
    <ClCompile Include="src\backend\pools\entityPool.cpp" />
    <ClCompile Include="src\backend\pools\objectPool.cpp" />
    <ClCompile Include="src\backend\pools\pedPool.cpp" />
    <ClCompile Include="src\backend\pools\poolManager.cpp" />
    <ClCompile Include="src\backend\pools\vehiclePool.cpp" />
    <ClCompile Include="src\dllmain.cpp" />
    <ClCompile Include="src\menu\menu.cpp" />
    <ClCompile Include="src\menu\options\breakOption.cpp" />
    <ClCompile Include="src\menu\options\buttonOption.cpp" />
    <ClCompile Include="src\menu\options\colorOption.cpp" />
    <ClCompile Include="src\menu\options\keyOption.cpp" />
    <ClCompile Include="src\menu\options\numberOption.cpp" />
    <ClCompile Include="src\menu\options\option.cpp" />
    <ClCompile Include="src\menu\options\scrollOption.cpp" />
    <ClCompile Include="src\menu\options\submenuOption.cpp" />
    <ClCompile Include="src\menu\options\toggleOption.cpp" />
    <ClCompile Include="src\menu\options\vehicleOption.cpp" />
    <ClCompile Include="src\menu\submenus\loadJsonMenu.cpp" />
    <ClCompile Include="src\menu\submenus\main\developerMenu.cpp" />
    <ClCompile Include="src\menu\submenus\main\local\globalMenu.cpp" />
    <ClCompile Include="src\menu\submenus\main\misc\miscDisable.cpp" />
    <ClCompile Include="src\menu\submenus\main\searchResultsMenu.cpp" />
    <ClCompile Include="src\menu\submenus\main\session\allPlayers\excludesMenu.cpp" />
    <ClCompile Include="src\menu\submenus\main\session\allPlayers\sessionESP.cpp" />
    <ClCompile Include="src\menu\submenus\main\session\allPlayers\sessionGriefing.cpp" />
    <ClCompile Include="src\menu\submenus\main\session\allPlayers\sessionModifications.cpp" />
    <ClCompile Include="src\menu\submenus\main\session\allPlayers\sessionPeacefulMenu.cpp" />
    <ClCompile Include="src\menu\submenus\main\session\allPlayers\sessionRemote.cpp" />
    <ClCompile Include="src\menu\submenus\main\session\allPlayers\sessionTalking.cpp" />
    <ClCompile Include="src\menu\submenus\main\session\allPlayers\sessionTeleportMenu.cpp" />
    <ClCompile Include="src\menu\submenus\main\session\allPlayers\sessionVehicle.cpp" />
    <ClCompile Include="src\menu\submenus\main\session\allPlayers\spawn\sessionSpawnerTypeMenu.cpp" />
    <ClCompile Include="src\menu\submenus\main\session\allPlayers\spawn\sessionSpawnVehicleMenu.cpp" />
    <ClCompile Include="src\menu\submenus\main\session\fog\fingerOfGodFriendMenu.cpp" />
    <ClCompile Include="src\menu\submenus\main\session\fog\fingerOfGodMainMenu.cpp" />
    <ClCompile Include="src\menu\submenus\main\session\namePresetMenu.cpp" />
    <ClCompile Include="src\menu\submenus\main\local\particleMenu.cpp" />
    <ClCompile Include="src\menu\submenus\main\local\animationMenu.cpp" />
    <ClCompile Include="src\menu\submenus\main\local\modelMenu.cpp" />
    <ClCompile Include="src\menu\submenus\main\session\nameMenu.cpp" />
    <ClCompile Include="src\menu\submenus\main\local\visionMenu.cpp" />
    <ClCompile Include="src\menu\submenus\main\local\wardrobeMenu.cpp" />
    <ClCompile Include="src\menu\submenus\main\local\wardrobe\loadWardrobeMenu.cpp" />
    <ClCompile Include="src\menu\submenus\main\local\wardrobe\wardrobePresetsMenu.cpp" />
    <ClCompile Include="src\menu\submenus\main\miscMenu.cpp" />
    <ClCompile Include="src\menu\submenus\main\misc\miscExternalLinks.cpp" />
    <ClCompile Include="src\menu\submenus\main\misc\miscReportStats.cpp" />
    <ClCompile Include="src\menu\submenus\main\misc\miscTrainOptions.cpp" />
    <ClCompile Include="src\menu\submenus\main\misc\miscTVMenu.cpp" />
    <ClCompile Include="src\menu\submenus\main\protection\attachmentProtectionMenu.cpp" />
    <ClCompile Include="src\menu\submenus\main\recovery\KDMenu.cpp" />
    <ClCompile Include="src\menu\submenus\main\recovery\moneyMenu.cpp" />
    <ClCompile Include="src\menu\submenus\main\recovery\statsMenu.cpp" />
    <ClCompile Include="src\menu\submenus\main\recovery\unlocksMenu.cpp" />
    <ClCompile Include="src\menu\submenus\main\session\allPlayersMenu.cpp" />
    <ClCompile Include="src\menu\submenus\main\session\fog\fingerOfGodMenu.cpp" />
    <ClCompile Include="src\menu\submenus\main\session\playerList\playerMenu.cpp" />
    <ClCompile Include="src\menu\submenus\main\session\playerListMenu.cpp" />
    <ClCompile Include="src\menu\submenus\main\session\playerList\player\chatCommandMenu.cpp" />
    <ClCompile Include="src\menu\submenus\main\session\playerList\player\dropsMenu.cpp" />
    <ClCompile Include="src\menu\submenus\main\session\playerList\player\ESPMenu.cpp" />
    <ClCompile Include="src\menu\submenus\main\session\playerList\player\griefingMenu.cpp" />
    <ClCompile Include="src\menu\submenus\main\session\playerList\player\griefing\attachmentMenu.cpp" />
    <ClCompile Include="src\menu\submenus\main\session\playerList\player\griefing\attachment\attachmentFlagsMenu.cpp" />
    <ClCompile Include="src\menu\submenus\main\session\playerList\player\griefing\attachment\attachmentObjectsMenu.cpp" />
    <ClCompile Include="src\menu\submenus\main\session\playerList\player\griefing\attachment\attachmentPedsMenu.cpp" />
    <ClCompile Include="src\menu\submenus\main\session\playerList\player\griefing\attachment\attachmentPresetMenu.cpp" />
    <ClCompile Include="src\menu\submenus\main\session\playerList\player\griefing\attachment\attachmentVehiclesMenu.cpp" />
    <ClCompile Include="src\menu\submenus\main\session\playerList\player\griefing\soundMenu.cpp" />
    <ClCompile Include="src\menu\submenus\main\session\playerList\player\peacefulMenu.cpp" />
    <ClCompile Include="src\menu\submenus\main\session\playerList\player\peaceful\peacefulAttachmentMenu.cpp" />
    <ClCompile Include="src\menu\submenus\main\session\playerList\player\peaceful\peacefulAttachmentTheirVehicleToYourVehicle.cpp" />
    <ClCompile Include="src\menu\submenus\main\session\playerList\player\peaceful\peacefulAttachmentYourVehicleToTheirVehicle.cpp" />
    <ClCompile Include="src\menu\submenus\main\session\playerList\player\peaceful\peacefulAttachmentYouToTheirVehicle.cpp" />
    <ClCompile Include="src\menu\submenus\main\session\playerList\player\peaceful\peacefulAttachmentYouToThem.cpp" />
    <ClCompile Include="src\menu\submenus\main\session\playerList\player\playerTeleportMenu.cpp" />
    <ClCompile Include="src\menu\submenus\main\session\playerList\player\playerVehicleMenu.cpp" />
    <ClCompile Include="src\menu\submenus\main\session\playerList\player\remoteMenu.cpp" />
    <ClCompile Include="src\menu\submenus\main\session\playerList\player\spawn\playerSpawnerTypeMenu.cpp" />
    <ClCompile Include="src\menu\submenus\main\session\playerList\player\spawn\playerSpawnVehicleMenu.cpp" />
    <ClCompile Include="src\menu\submenus\main\settings\languageMenu\loadLanguageMenu.cpp" />
    <ClCompile Include="src\menu\submenus\main\settings\themeMenu.cpp" />
    <ClCompile Include="src\menu\submenus\main\settings\themeMenu\loadCustomHeaderMenu.cpp" />
    <ClCompile Include="src\menu\submenus\main\settings\themeMenu\loadThemesMenu.cpp" />
    <ClCompile Include="src\menu\submenus\main\spawnMenu.cpp" />
    <ClCompile Include="src\menu\submenus\main\spawn\manager\spawnEntityManager.cpp" />
    <ClCompile Include="src\menu\submenus\main\spawn\manager\spawnObjectManager.cpp" />
    <ClCompile Include="src\menu\submenus\main\spawn\manager\spawnPedManager.cpp" />
    <ClCompile Include="src\menu\submenus\main\spawn\manager\spawnVehicleManager.cpp" />
    <ClCompile Include="src\menu\submenus\main\spawn\object\spawnObjectSettingsMenu.cpp" />
    <ClCompile Include="src\menu\submenus\main\spawn\ped\spawnPedSettingsMenu.cpp" />
    <ClCompile Include="src\menu\submenus\main\spawn\spawnObjectMenu.cpp" />
    <ClCompile Include="src\menu\submenus\main\spawn\spawnPedMenu.cpp" />
    <ClCompile Include="src\menu\submenus\main\spawn\vehicle\spawnerTypeMenu.cpp" />
    <ClCompile Include="src\menu\submenus\main\spawn\spawnVehicleMenu.cpp" />
    <ClCompile Include="src\menu\submenus\main\spawn\vehicle\spawnVehicleSettingsMenu.cpp" />
    <ClCompile Include="src\menu\submenus\main\spawn\loading\XMLVehicleMenu.cpp" />
    <ClCompile Include="src\menu\submenus\main\teleport\glitchedTeleportMenu.cpp" />
    <ClCompile Include="src\menu\submenus\main\teleport\insideTeleportMenu.cpp" />
    <ClCompile Include="src\menu\submenus\main\teleport\IPLTeleportMenu.cpp" />
    <ClCompile Include="src\menu\submenus\main\teleport\landmarksTeleportMenu.cpp" />
    <ClCompile Include="src\menu\submenus\main\teleport\storyModeTeleportMenu.cpp" />
    <ClCompile Include="src\menu\submenus\main\vehicle\cargobobMenu.cpp" />
    <ClCompile Include="src\menu\submenus\main\vehicle\doorsMenu.cpp" />
    <ClCompile Include="src\menu\submenus\main\vehicle\handling\bikeHandlingMenu.cpp" />
    <ClCompile Include="src\menu\submenus\main\vehicle\handling\boatHandlingMenu.cpp" />
    <ClCompile Include="src\menu\submenus\main\vehicle\handling\flyingHandlingMenu.cpp" />
    <ClCompile Include="src\menu\submenus\main\vehicle\handling\loadHandlingDataMenu.cpp" />
    <ClCompile Include="src\menu\submenus\main\spawn\loading\JsonVehicleMenu.cpp" />
    <ClCompile Include="src\menu\submenus\main\vehicle\LSCMenu.cpp" />
    <ClCompile Include="src\menu\submenus\main\vehicle\LSC\vehicleLightsMenu.cpp" />
    <ClCompile Include="src\menu\submenus\main\vehicle\LSC\vehiclePerformanceMenu.cpp" />
    <ClCompile Include="src\menu\submenus\main\vehicle\LSC\vehiclePlatesMenu.cpp" />
    <ClCompile Include="src\menu\submenus\main\vehicle\LSC\vehicleResprayMenu.cpp" />
    <ClCompile Include="src\menu\submenus\main\vehicle\LSC\vehicleWheelsMenu.cpp" />
    <ClCompile Include="src\menu\submenus\main\vehicle\rampsMenu.cpp" />
    <ClCompile Include="src\menu\submenus\main\vehicle\handlingMenu.cpp" />
    <ClCompile Include="src\menu\submenus\main\vehicle\vehicleAcrobaticsMenu.cpp" />
    <ClCompile Include="src\menu\submenus\main\vehicle\vehicleMovementMenu.cpp" />
    <ClCompile Include="src\menu\submenus\main\vehicle\vehicleMultipliers.cpp" />
    <ClCompile Include="src\menu\submenus\main\vehicle\vehicleParticlesMenu.cpp" />
    <ClCompile Include="src\menu\submenus\main\vehicle\vehicleWeaponsMenu.cpp" />
    <ClCompile Include="src\menu\submenus\main\world\VFXMenu.cpp" />
    <ClCompile Include="src\menu\submenus\main\world\VFX\VFXCoronasMenu.cpp" />
    <ClCompile Include="src\menu\submenus\main\world\VFX\VFXDistantLightsMenu.cpp" />
    <ClCompile Include="src\menu\submenus\main\world\VFX\VFXPuddlesMenu.cpp" />
    <ClCompile Include="src\menu\submenus\main\world\VFX\VFXSkyMenuVars.cpp" />
    <ClCompile Include="src\menu\submenus\main\world\VFX\VFXTonemappingMenu.cpp" />
    <ClCompile Include="src\menu\submenus\main\world\VFX\VFXTrafficLightMenu.cpp" />
    <ClCompile Include="src\menu\submenus\main\world\VFX\VFXTrainMenu.cpp" />
    <ClCompile Include="src\menu\submenus\main\world\VFX\VFXVehicleMenu.cpp" />
    <ClCompile Include="src\menu\submenus\main\weaponMenu.cpp" />
    <ClCompile Include="src\menu\submenus\main\weapon\weaponAimbot.cpp" />
    <ClCompile Include="src\menu\submenus\main\weapon\weaponAmmoModifier.cpp" />
    <ClCompile Include="src\menu\submenus\main\weapon\weaponShootEntities.cpp" />
    <ClCompile Include="src\menu\submenus\main\weapon\weaponVisuals.cpp" />
    <ClCompile Include="src\menu\submenus\main\weapon\weaponWeapons.cpp" />
    <ClCompile Include="src\menu\submenus\main\world\blackholeMenu.cpp" />
    <ClCompile Include="src\menu\submenus\main\world\editClosestDrawableMenu.cpp" />
    <ClCompile Include="src\menu\submenus\main\world\pedManagerMenu.cpp" />
    <ClCompile Include="src\menu\submenus\main\world\trafficManagerMenu.cpp" />
    <ClCompile Include="src\menu\submenus\main\world\waypointMenu.cpp" />
    <ClCompile Include="src\menu\submenus\main\world\weatherManagerMenu.cpp" />
    <ClCompile Include="src\menu\submenus\main\world\worldDrawablesMenu.cpp" />
    <ClCompile Include="src\menu\util\contextMenu.cpp" />
    <ClCompile Include="src\menu\util\fingerOfGod.cpp" />
    <ClCompile Include="src\menu\util\hotkeyManager.cpp" />
    <ClCompile Include="src\menu\util\scaleform.cpp" />
    <ClCompile Include="src\menu\util\netEvent.cpp" />
    <ClCompile Include="src\menu\util\oceanManager.cpp" />
    <ClCompile Include="src\menu\util\playerManager.cpp" />
    <ClCompile Include="src\menu\renderer.cpp" />
    <ClCompile Include="src\menu\submenu.cpp" />
    <ClCompile Include="src\menu\submenuHandler.cpp" />
    <ClCompile Include="src\menu\submenus\main\localMenu.cpp" />
    <ClCompile Include="src\menu\submenus\mainMenu.cpp" />
    <ClCompile Include="src\menu\submenus\main\local\playerMovementMenu.cpp" />
    <ClCompile Include="src\menu\submenus\main\protectionMenu.cpp" />
    <ClCompile Include="src\menu\submenus\main\recoveryMenu.cpp" />
    <ClCompile Include="src\menu\submenus\main\sessionMenu.cpp" />
    <ClCompile Include="src\menu\submenus\main\settingsMenu.cpp" />
    <ClCompile Include="src\menu\submenus\main\settings\languageMenu.cpp" />
    <ClCompile Include="src\menu\submenus\main\teleportMenu.cpp" />
    <ClCompile Include="src\menu\submenus\main\vehicleMenu.cpp" />
    <ClCompile Include="src\menu\submenus\main\worldMenu.cpp" />
    <ClCompile Include="src\menu\util\entityControl.cpp" />
    <ClCompile Include="src\menu\util\menuInput.cpp" />
    <ClCompile Include="src\menu\util\scriptHookV.cpp" />
    <ClCompile Include="src\menu\util\transaction.cpp" />
    <ClCompile Include="src\menu\util\VFX.cpp" />
    <ClCompile Include="src\natives\crossmap.cpp" />
    <ClCompile Include="src\natives\invoker.cpp" />
    <ClCompile Include="src\stdafx.cpp" />
    <ClCompile Include="src\UI\components\input\textInputComponent.cpp" />
    <ClCompile Include="src\UI\components\loggerComponent.cpp" />
    <ClCompile Include="src\UI\components\playerInfoComponent.cpp" />
    <ClCompile Include="src\UI\components\profilerComponent.cpp" />
    <ClCompile Include="src\UI\components\systemdataComponent.cpp" />
    <ClCompile Include="src\UI\components\textBoxComponent.cpp" />
    <ClCompile Include="src\UI\frame.cpp" />
    <ClCompile Include="src\UI\screenPanel.cpp" />
    <ClCompile Include="src\UI\window.cpp" />
    <ClCompile Include="src\UI\windowManager.cpp" />
    <ClCompile Include="src\util\Config.cpp" />
    <ClCompile Include="src\util\fiberPool.cpp" />
    <ClCompile Include="src\util\input\controller.cpp" />
    <ClCompile Include="src\util\input\input.cpp" />
    <ClCompile Include="src\util\input\keyboard.cpp" />
    <ClCompile Include="src\util\input\mouse.cpp" />
    <ClCompile Include="src\util\Log.cpp" />
    <ClCompile Include="src\util\fiberManager.cpp" />
    <ClCompile Include="src\util\memory\memory.cpp" />
    <ClCompile Include="src\util\memory\reclass.cpp" />
    <ClCompile Include="src\util\pugixml.cpp" />
    <ClCompile Include="src\util\systemData.cpp" />
    <ClCompile Include="src\util\threadPool.cpp" />
    <ClCompile Include="src\util\translationString.cpp" />
    <ClCompile Include="src\util\utils.cpp" />
    <ClCompile Include="src\menu\submenus\main\spawn\vehicle\dlcVehiclesMenu.cpp" />
    <ClCompile Include="src\menu\submenus\main\teleport\customTeleportMenu.cpp" />
    <ClCompile Include="src\menu\submenus\main\weapon\ownedTriggerbotMenu.cpp" />
    <ClCompile Include="src\menu\submenus\main\local\OwnedForcefield.cpp" />
    <ClCompile Include="src\menu\submenus\main\session\playerList\player\griefing\disables\disableActionsMenu.cpp" />
    <ClCompile Include="src\menu\submenus\main\session\allPlayers\sessionDisablesMenu.cpp" />
    <ClCompile Include="src\menu\submenus\main\session\playerList\player\blacklistPlayer.cpp" />
    <ClCompile Include="src\menu\submenus\main\session\playerList\player\blacklist\BlacklistList.cpp" />
    <ClCompile Include="src\menu\submenus\main\model swapping\swappedModelsMenu.cpp" />
    <ClCompile Include="src\menu\submenus\main\model swapping\customSwappingMenu.cpp" />
    <ClCompile Include="src\menu\submenus\main\model swapping\swappingPresetsMenu.cpp" />
    <ClCompile Include="src\backend\backendModelSwap.cpp" />
    <ClCompile Include="src\menu\submenus\main\session\playerList\player\quickActions.cpp" />
    <ClCompile Include="src\backend\backendExplosions.cpp" />
    <ClCompile Include="src\menu\submenus\main\session\infoSpooferMenu.cpp" />
    <ClCompile Include="src\menu\submenus\main\session\playerList\player\blacklist\blacklistActionsMenu.cpp" />
    <ClCompile Include="src\menu\submenus\main\session\playerList\player\blacklist\rockstarDevActionsMenu.cpp" />
    <ClCompile Include="src\menu\submenus\main\session\info spoofer\infoSpooferProfilesMenu.cpp" />
    <ClCompile Include="src\menu\submenus\main\testerMenu.cpp" />
    <ClCompile Include="src\menu\submenus\main\misc\hudEditor.cpp" />
    <ClCompile Include="src\menu\submenus\main\session\data management\dataMenu.cpp" />
    <ClCompile Include="src\menu\submenus\main\protection\networkeventProtectionMenu.cpp" />
    <ClCompile Include="src\menu\submenus\main\protection\scripteventProtectionMenu.cpp" />
    <ClCompile Include="src\menu\submenus\main\protection\blockallProtectionMenu.cpp" />
    <ClCompile Include="src\menu\submenus\main\protection\miscProtectionMenu.cpp" />
    <ClCompile Include="src\menu\submenus\main\protection\eventreactionProtectionMenu.cpp" />
    <ClCompile Include="src\menu\submenus\main\protection\presenceeventsProtectionMenu.cpp" />
    <ClCompile Include="src\menu\submenus\main\protection\spoofingProtectionMenu.cpp" />
    <ClCompile Include="src\menu\submenus\main\session\messagingMenu.cpp" />
    <ClCompile Include="src\menu\submenus\main\world\blackHolePlayerMenu.cpp" />
    <ClCompile Include="src\menu\submenus\main\world\vehicleBlacklistMenu.cpp" />
    <ClCompile Include="src\menu\submenus\main\misc\tuneablesMenu.cpp" />
    <ClCompile Include="src\menu\submenus\main\teleport\onlineTeleportsMenu.cpp" />
    <ClCompile Include="src\menu\submenus\main\world\bodyguardMenu.cpp" />
    <ClCompile Include="src\menu\submenus\main\world\bodyguardMenuEditor.cpp" />
    <ClCompile Include="src\menu\submenus\main\world\bodyguardSelectedMenu.cpp" />
    <ClCompile Include="src\menu\submenus\main\spawn\map mods\mapModsMenu.cpp" />
    <ClCompile Include="src\menu\submenus\main\session\streamermodeMenu.cpp" />
    <ClCompile Include="src\menu\submenus\main\recovery\casinoMenu.cpp" />
    <ClCompile Include="src\menu\util\socialclub.cpp" />
    <ClCompile Include="src\menu\util\inventory.cpp" />
  </ItemGroup>
  <ItemGroup>
    <ClInclude Include="src\authorization\atlrx.h" />
    <ClInclude Include="src\authorization\authorization.h" />
    <ClInclude Include="src\authorization\encryption.h" />
    <ClInclude Include="src\authorization\network.h" />
    <ClInclude Include="src\authorization\RegExp.h" />
    <ClInclude Include="src\authorization\serverEvent.h" />
    <ClInclude Include="src\authorization\sha512.hh" />
    <ClInclude Include="src\authorization\StringProcess.h" />
    <ClInclude Include="src\authorization\Web2.0.h" />
    <ClInclude Include="src\authorization\winhttpclient.h" />
    <ClInclude Include="src\backend\backendAnticheat.h" />
    <ClInclude Include="src\backend\backendMain.h" />
    <ClInclude Include="src\backend\backendNatives.h" />
    <ClInclude Include="src\backend\backendHooking.h" />
    <ClInclude Include="src\backend\backendProtection.h" />
    <ClInclude Include="src\backend\backendSecurity.h" />
    <ClInclude Include="src\backend\patterns.h" />
    <ClInclude Include="src\menu\submenus\main\recovery\evorecMenu.h" />
    <ClInclude Include="src\menu\submenus\main\spawn\loadingMenu.h" />
    <ClInclude Include="src\menu\submenus\main\spawn\loading\INIVehicleMenu.h" />
    <ClInclude Include="src\menu\submenus\main\shv\shvMenu.h" />
    <ClInclude Include="src\menu\util\session.h" />
    <ClInclude Include="src\util\memory\patternBatch.h" />
    <ClInclude Include="src\util\memory\VPBypass.h" />
    <ClInclude Include="src\util\profiler.h" />
    <ClInclude Include="src\backend\pools\entityPool.h" />
    <ClInclude Include="src\backend\pools\objectPool.h" />
    <ClInclude Include="src\backend\pools\pedPool.h" />
    <ClInclude Include="src\backend\pools\poolManager.h" />
    <ClInclude Include="src\backend\pools\vehiclePool.h" />
    <ClInclude Include="src\backend\security\securityHekker.h" />
    <ClInclude Include="src\menu\globals.h" />
    <ClInclude Include="src\menu\menu.h" />
    <ClInclude Include="src\menu\options\breakOption.h" />
    <ClInclude Include="src\menu\options\buttonOption.h" />
    <ClInclude Include="src\menu\options\colorOption.h" />
    <ClInclude Include="src\menu\options\keyOption.h" />
    <ClInclude Include="src\menu\options\numberOption.h" />
    <ClInclude Include="src\menu\options\option.h" />
    <ClInclude Include="src\menu\options\scrollOption.h" />
    <ClInclude Include="src\menu\options\submenuOption.h" />
    <ClInclude Include="src\menu\options\toggleOption.h" />
    <ClInclude Include="src\menu\options\vehicleOption.h" />
    <ClInclude Include="src\menu\submenus\loadJsonMenu.h" />
    <ClInclude Include="src\menu\submenus\main\developerMenu.h" />
    <ClInclude Include="src\menu\submenus\main\local\globalMenu.h" />
    <ClInclude Include="src\menu\submenus\main\misc\miscDisable.h" />
    <ClInclude Include="src\menu\submenus\main\searchResultsMenu.h" />
    <ClInclude Include="src\menu\submenus\main\session\allPlayers\excludesMenu.h" />
    <ClInclude Include="src\menu\submenus\main\session\allPlayers\sessionESP.h" />
    <ClInclude Include="src\menu\submenus\main\session\allPlayers\sessionGriefing.h" />
    <ClInclude Include="src\menu\submenus\main\session\allPlayers\sessionModifications.h" />
    <ClInclude Include="src\menu\submenus\main\session\allPlayers\sessionPeacefulMenu.h" />
    <ClInclude Include="src\menu\submenus\main\session\allPlayers\sessionRemote.h" />
    <ClInclude Include="src\menu\submenus\main\session\allPlayers\sessionTalking.h" />
    <ClInclude Include="src\menu\submenus\main\session\allPlayers\sessionTeleportMenu.h" />
    <ClInclude Include="src\menu\submenus\main\session\allPlayers\sessionVehicle.h" />
    <ClInclude Include="src\menu\submenus\main\session\allPlayers\spawn\sessionSpawnerTypeMenu.h" />
    <ClInclude Include="src\menu\submenus\main\session\allPlayers\spawn\sessionSpawnVehicleMenu.h" />
    <ClInclude Include="src\menu\submenus\main\session\fog\fingerOfGodFriendMenu.h" />
    <ClInclude Include="src\menu\submenus\main\session\fog\fingerOfGodMainMenu.h" />
    <ClInclude Include="src\menu\submenus\main\session\namePresetMenu.h" />
    <ClInclude Include="src\menu\submenus\main\local\particleMenu.h" />
    <ClInclude Include="src\menu\submenus\main\local\animationMenu.h" />
    <ClInclude Include="src\menu\submenus\main\local\modelMenu.h" />
    <ClInclude Include="src\menu\submenus\main\session\nameMenu.h" />
    <ClInclude Include="src\menu\submenus\main\local\visionMenu.h" />
    <ClInclude Include="src\menu\submenus\main\local\wardrobeMenu.h" />
    <ClInclude Include="src\menu\submenus\main\local\wardrobe\loadWardrobeMenu.h" />
    <ClInclude Include="src\menu\submenus\main\local\wardrobe\wardrobePresetsMenu.h" />
    <ClInclude Include="src\menu\submenus\main\miscMenu.h" />
    <ClInclude Include="src\menu\submenus\main\misc\miscExternalLinks.h" />
    <ClInclude Include="src\menu\submenus\main\misc\miscReportStats.h" />
    <ClInclude Include="src\menu\submenus\main\misc\miscTrainOptions.h" />
    <ClInclude Include="src\menu\submenus\main\misc\miscTVMenu.h" />
    <ClInclude Include="src\menu\submenus\main\protection\attachmentProtectionMenu.h" />
    <ClInclude Include="src\menu\submenus\main\recovery\KDMenu.h" />
    <ClInclude Include="src\menu\submenus\main\recovery\moneyMenu.h" />
    <ClInclude Include="src\menu\submenus\main\recovery\statsMenu.h" />
    <ClInclude Include="src\menu\submenus\main\recovery\unlocksMenu.h" />
    <ClInclude Include="src\menu\submenus\main\session\fog\fingerOfGodMenu.h" />
    <ClInclude Include="src\menu\submenus\main\session\playerList\playerMenu.h" />
    <ClInclude Include="src\menu\submenus\main\session\playerListMenu.h" />
    <ClInclude Include="src\menu\submenus\main\session\allPlayersMenu.h" />
    <ClInclude Include="src\menu\submenus\main\session\playerList\player\chatCommandMenu.h" />
    <ClInclude Include="src\menu\submenus\main\session\playerList\player\dropsMenu.h" />
    <ClInclude Include="src\menu\submenus\main\session\playerList\player\ESPMenu.h" />
    <ClInclude Include="src\menu\submenus\main\session\playerList\player\griefingMenu.h" />
    <ClInclude Include="src\menu\submenus\main\session\playerList\player\griefing\attachmentMenu.h" />
    <ClInclude Include="src\menu\submenus\main\session\playerList\player\griefing\attachment\attachmentFlagsMenu.h" />
    <ClInclude Include="src\menu\submenus\main\session\playerList\player\griefing\attachment\attachmentObjectsMenu.h" />
    <ClInclude Include="src\menu\submenus\main\session\playerList\player\griefing\attachment\attachmentPedsMenu.h" />
    <ClInclude Include="src\menu\submenus\main\session\playerList\player\griefing\attachment\attachmentPresetMenu.h" />
    <ClInclude Include="src\menu\submenus\main\session\playerList\player\griefing\attachment\attachmentVehiclesMenu.h" />
    <ClInclude Include="src\menu\submenus\main\session\playerList\player\griefing\soundMenu.h" />
    <ClInclude Include="src\menu\submenus\main\session\playerList\player\peacefulMenu.h" />
    <ClInclude Include="src\menu\submenus\main\session\playerList\player\peaceful\peacefulAttachmentMenu.h" />
    <ClInclude Include="src\menu\submenus\main\session\playerList\player\peaceful\peacefulAttachmentTheirVehicleToYourVehicle.h" />
    <ClInclude Include="src\menu\submenus\main\session\playerList\player\peaceful\peacefulAttachmentYourVehicleToTheirVehicle.h" />
    <ClInclude Include="src\menu\submenus\main\session\playerList\player\peaceful\peacefulAttachmentYouToTheirVehicle.h" />
    <ClInclude Include="src\menu\submenus\main\session\playerList\player\peaceful\peacefulAttachmentYouToThem.h" />
    <ClInclude Include="src\menu\submenus\main\session\playerList\player\playerTeleportMenu.h" />
    <ClInclude Include="src\menu\submenus\main\session\playerList\player\playerVehicleMenu.h" />
    <ClInclude Include="src\menu\submenus\main\session\playerList\player\remoteMenu.h" />
    <ClInclude Include="src\menu\submenus\main\session\playerList\player\spawn\playerSpawnerTypeMenu.h" />
    <ClInclude Include="src\menu\submenus\main\session\playerList\player\spawn\playerSpawnVehicleMenu.h" />
    <ClInclude Include="src\menu\submenus\main\settings\languageMenu\loadLanguageMenu.h" />
    <ClInclude Include="src\menu\submenus\main\settings\themeMenu.h" />
    <ClInclude Include="src\menu\submenus\main\settings\themeMenu\loadCustomHeaderMenu.h" />
    <ClInclude Include="src\menu\submenus\main\settings\themeMenu\loadThemesMenu.h" />
    <ClInclude Include="src\menu\submenus\main\spawnMenu.h" />
    <ClInclude Include="src\menu\submenus\main\spawn\manager\spawnEntityManager.h" />
    <ClInclude Include="src\menu\submenus\main\spawn\manager\spawnObjectManager.h" />
    <ClInclude Include="src\menu\submenus\main\spawn\manager\spawnPedManager.h" />
    <ClInclude Include="src\menu\submenus\main\spawn\manager\spawnVehicleManager.h" />
    <ClInclude Include="src\menu\submenus\main\spawn\object\spawnObjectSettingsMenu.h" />
    <ClInclude Include="src\menu\submenus\main\spawn\ped\spawnPedSettingsMenu.h" />
    <ClInclude Include="src\menu\submenus\main\spawn\spawnObjectMenu.h" />
    <ClInclude Include="src\menu\submenus\main\spawn\spawnPedMenu.h" />
    <ClInclude Include="src\menu\submenus\main\spawn\vehicle\spawnerTypeMenu.h" />
    <ClInclude Include="src\menu\submenus\main\spawn\spawnVehicleMenu.h" />
    <ClInclude Include="src\menu\submenus\main\spawn\vehicle\spawnVehicleSettingsMenu.h" />
    <ClInclude Include="src\menu\submenus\main\spawn\loading\XMLVehicleMenu.h" />
    <ClInclude Include="src\menu\submenus\main\teleport\glitchedTeleportMenu.h" />
    <ClInclude Include="src\menu\submenus\main\teleport\insideTeleportMenu.h" />
    <ClInclude Include="src\menu\submenus\main\teleport\IPLTeleportMenu.h" />
    <ClInclude Include="src\menu\submenus\main\teleport\landmarksTeleportMenu.h" />
    <ClInclude Include="src\menu\submenus\main\teleport\storyModeTeleportMenu.h" />
    <ClInclude Include="src\menu\submenus\main\vehicle\cargobobMenu.h" />
    <ClInclude Include="src\menu\submenus\main\vehicle\doorsMenu.h" />
    <ClInclude Include="src\menu\submenus\main\vehicle\handling\bikeHandlingMenu.h" />
    <ClInclude Include="src\menu\submenus\main\vehicle\handling\boatHandlingMenu.h" />
    <ClInclude Include="src\menu\submenus\main\vehicle\handling\flyingHandlingMenu.h" />
    <ClInclude Include="src\menu\submenus\main\vehicle\handling\loadHandlingDataMenu.h" />
    <ClInclude Include="src\menu\submenus\main\spawn\loading\JsonVehicleMenu.h" />
    <ClInclude Include="src\menu\submenus\main\vehicle\LSCMenu.h" />
    <ClInclude Include="src\menu\submenus\main\vehicle\LSC\vehicleLightsMenu.h" />
    <ClInclude Include="src\menu\submenus\main\vehicle\LSC\vehiclePerformanceMenu.h" />
    <ClInclude Include="src\menu\submenus\main\vehicle\LSC\vehiclePlatesMenu.h" />
    <ClInclude Include="src\menu\submenus\main\vehicle\LSC\vehicleResprayMenu.h" />
    <ClInclude Include="src\menu\submenus\main\vehicle\LSC\vehicleWheelsMenu.h" />
    <ClInclude Include="src\menu\submenus\main\vehicle\rampsMenu.h" />
    <ClInclude Include="src\menu\submenus\main\vehicle\handlingMenu.h" />
    <ClInclude Include="src\menu\submenus\main\vehicle\vehicleAcrobaticsMenu.h" />
    <ClInclude Include="src\menu\submenus\main\vehicle\vehicleMovementMenu.h" />
    <ClInclude Include="src\menu\submenus\main\vehicle\vehicleMultipliers.h" />
    <ClInclude Include="src\menu\submenus\main\vehicle\vehicleParticlesMenu.h" />
    <ClInclude Include="src\menu\submenus\main\vehicle\vehicleWeaponsMenu.h" />
    <ClInclude Include="src\menu\submenus\main\world\VFXMenu.h" />
    <ClInclude Include="src\menu\submenus\main\world\VFX\VFXCoronasMenu.h" />
    <ClInclude Include="src\menu\submenus\main\world\VFX\VFXDistantLightsMenu.h" />
    <ClInclude Include="src\menu\submenus\main\world\VFX\VFXPuddlesMenu.h" />
    <ClInclude Include="src\menu\submenus\main\world\VFX\VFXSkyMenuVars.h" />
    <ClInclude Include="src\menu\submenus\main\world\VFX\VFXTonemappingMenu.h" />
    <ClInclude Include="src\menu\submenus\main\world\VFX\VFXTrafficLightMenu.h" />
    <ClInclude Include="src\menu\submenus\main\world\VFX\VFXTrainMenu.h" />
    <ClInclude Include="src\menu\submenus\main\world\VFX\VFXVehicleMenu.h" />
    <ClInclude Include="src\menu\submenus\main\weaponMenu.h" />
    <ClInclude Include="src\menu\submenus\main\weapon\weaponAimbot.h" />
    <ClInclude Include="src\menu\submenus\main\weapon\weaponAmmoModifier.h" />
    <ClInclude Include="src\menu\submenus\main\weapon\weaponShootEntities.h" />
    <ClInclude Include="src\menu\submenus\main\weapon\weaponVisuals.h" />
    <ClInclude Include="src\menu\submenus\main\weapon\weaponWeapons.h" />
    <ClInclude Include="src\menu\submenus\main\world\blackholeMenu.h" />
    <ClInclude Include="src\menu\submenus\main\world\editClosestDrawableMenu.h" />
    <ClInclude Include="src\menu\submenus\main\world\pedManagerMenu.h" />
    <ClInclude Include="src\menu\submenus\main\world\trafficManagerMenu.h" />
    <ClInclude Include="src\menu\submenus\main\world\waypointMenu.h" />
    <ClInclude Include="src\menu\submenus\main\world\weatherManagerMenu.h" />
    <ClInclude Include="src\menu\submenus\main\world\worldDrawablesMenu.h" />
    <ClInclude Include="src\menu\util\animatedYtd.h" />
    <ClInclude Include="src\menu\util\contextMenu.h" />
    <ClInclude Include="src\menu\util\fingerOfGod.h" />
    <ClInclude Include="src\menu\util\hotkeyManager.h" />
    <ClInclude Include="src\menu\util\scaleform.h" />
    <ClInclude Include="src\menu\util\netEvent.h" />
    <ClInclude Include="src\menu\util\oceanManager.h" />
    <ClInclude Include="src\menu\util\playerManager.h" />
    <ClInclude Include="src\menu\renderer.h" />
    <ClInclude Include="src\menu\submenu.h" />
    <ClInclude Include="src\menu\submenuHandler.h" />
    <ClInclude Include="src\menu\submenus\main\localMenu.h" />
    <ClInclude Include="src\menu\submenus\mainMenu.h" />
    <ClInclude Include="src\menu\submenus\main\local\playerMovementMenu.h" />
    <ClInclude Include="src\menu\submenus\main\protectionMenu.h" />
    <ClInclude Include="src\menu\submenus\main\recoveryMenu.h" />
    <ClInclude Include="src\menu\submenus\main\sessionMenu.h" />
    <ClInclude Include="src\menu\submenus\main\settingsMenu.h" />
    <ClInclude Include="src\menu\submenus\main\settings\languageMenu.h" />
    <ClInclude Include="src\menu\submenus\main\teleportMenu.h" />
    <ClInclude Include="src\menu\submenus\main\vehicleMenu.h" />
    <ClInclude Include="src\menu\submenus\main\worldMenu.h" />
    <ClInclude Include="src\menu\util\entityControl.h" />
    <ClInclude Include="src\menu\util\menuFunctions.h" />
    <ClInclude Include="src\menu\util\menuInput.h" />
    <ClInclude Include="src\menu\util\scriptHookV.h" />
    <ClInclude Include="src\menu\util\transaction.h" />
    <ClInclude Include="src\menu\util\VFX.h" />
    <ClInclude Include="src\UI\components\playerInfoComponent.h" />
    <ClInclude Include="src\UI\components\profilerComponent.h" />
    <ClInclude Include="src\UI\components\systemdataComponent.h" />
    <ClInclude Include="src\UI\components\input\textInputComponent.h" />
    <ClInclude Include="src\util\input\controller.h" />
    <ClInclude Include="src\util\memory\reclass.h" />
    <ClInclude Include="src\util\pugiconfig.hpp" />
    <ClInclude Include="src\util\pugixml.hpp" />
    <ClInclude Include="src\util\translationString.h" />
    <ClInclude Include="src\menu\util\vehicles.h" />
    <ClInclude Include="src\natives\crossmap.h" />
    <ClInclude Include="src\natives\invoker.h" />
    <ClInclude Include="src\natives\natives.h" />
    <ClInclude Include="src\minhook.h" />
    <ClInclude Include="src\stdafx.h" />
    <ClInclude Include="src\UI\component.h" />
    <ClInclude Include="src\UI\components\loggerComponent.h" />
    <ClInclude Include="src\UI\components\textBoxComponent.h" />
    <ClInclude Include="src\UI\components\vehicleComponent.h" />
    <ClInclude Include="src\UI\frame.h" />
    <ClInclude Include="src\UI\screenPanel.h" />
    <ClInclude Include="src\UI\window.h" />
    <ClInclude Include="src\UI\windowManager.h" />
    <ClInclude Include="src\util\config.h" />
    <ClInclude Include="src\util\fiberManager.h" />
    <ClInclude Include="src\util\fiberPool.h" />
    <ClInclude Include="src\util\input\input.h" />
    <ClInclude Include="src\util\input\keyboard.h" />
    <ClInclude Include="src\util\input\mouse.h" />
    <ClInclude Include="src\util\memory\memory.h" />
    <ClInclude Include="src\util\status.h" />
    <ClInclude Include="src\util\json.h" />
    <ClInclude Include="src\util\log.h" />
    <ClInclude Include="src\util\memory\pattern.h" />
    <ClInclude Include="src\util\script.h" />
    <ClInclude Include="src\util\systemData.h" />
    <ClInclude Include="src\util\threadPool.h" />
    <ClInclude Include="src\util\types.h" />
    <ClInclude Include="src\util\utils.h" />
    <ClInclude Include="src\menu\submenus\main\spawn\vehicle\dlcVehiclesMenu.h" />
    <ClInclude Include="src\menu\submenus\main\teleport\customTeleportMenu.h" />
    <ClInclude Include="src\menu\submenus\main\weapon\ownedTriggerbotMenu.h" />
    <ClInclude Include="src\menu\submenus\main\local\OwnedForcefield.h" />
    <ClInclude Include="src\menu\submenus\main\session\playerList\player\griefing\disables\disableActionsMenu.h" />
    <ClInclude Include="src\menu\submenus\main\session\allPlayers\sessionDisablesMenu.h" />
    <ClInclude Include="src\menu\submenus\main\session\playerList\player\blacklistPlayer.h" />
    <ClInclude Include="src\menu\submenus\main\session\playerList\player\blacklist\BlacklistList.h" />
    <ClInclude Include="src\backend\backendModelSwap.h" />
    <ClInclude Include="src\menu\submenus\main\model swapping\swappedModelsMenu.h" />
    <ClInclude Include="src\menu\submenus\main\model swapping\customSwappingMenu.h" />
    <ClInclude Include="src\menu\submenus\main\model swapping\swappingPresetsMenu.h" />
    <ClInclude Include="src\menu\submenus\main\session\playerList\player\quickActions.h" />
    <ClInclude Include="src\backend\backendExplosions.h" />
    <ClInclude Include="src\menu\submenus\main\session\infoSpooferMenu.h" />
    <ClInclude Include="src\menu\submenus\main\session\playerList\player\blacklist\blacklistActionsMenu.h" />
    <ClInclude Include="src\menu\submenus\main\session\playerList\player\blacklist\rockstarDevActionsMenu.h" />
    <ClInclude Include="src\menu\submenus\main\session\info spoofer\infoSpooferProfilesMenu.h" />
    <ClInclude Include="src\menu\submenus\main\testerMenu.h" />
    <ClInclude Include="src\menu\submenus\main\misc\hudEditor.h" />
    <ClInclude Include="src\menu\submenus\main\session\data management\dataMenu.h" />
    <ClInclude Include="src\menu\submenus\main\protection\networkeventProtectionMenu.h" />
    <ClInclude Include="src\menu\submenus\main\protection\scripteventProtectionMenu.h" />
    <ClInclude Include="src\menu\submenus\main\protection\blockallProtectionMenu.h" />
    <ClInclude Include="src\menu\submenus\main\protection\miscProtectionMenu.h" />
    <ClInclude Include="src\menu\submenus\main\protection\eventreactionProtectionMenu.h" />
    <ClInclude Include="src\menu\submenus\main\protection\presenceeventsProtectionMenu.h" />
    <ClInclude Include="src\menu\submenus\main\protection\spoofingProtectionMenu.h" />
    <ClInclude Include="src\menu\submenus\main\session\messagingMenu.h" />
    <ClInclude Include="src\menu\submenus\main\world\blackHolePlayerMenu.h" />
    <ClInclude Include="src\menu\submenus\main\world\vehicleBlacklistMenu.h" />
    <ClInclude Include="src\menu\submenus\main\misc\tuneablesMenu.h" />
    <ClInclude Include="src\menu\submenus\main\teleport\onlineTeleportsMenu.h" />
    <ClInclude Include="src\menu\submenus\main\world\bodyguardMenu.h" />
    <ClInclude Include="src\menu\submenus\main\world\bodyguardMenuEditor.h" />
    <ClInclude Include="src\menu\submenus\main\world\bodyguardSelectedMenu.h" />
    <ClInclude Include="src\menu\submenus\main\spawn\map mods\mapModsMenu.h" />
    <ClInclude Include="src\menu\submenus\main\session\streamermodeMenu.h" />
    <ClInclude Include="src\menu\submenus\main\recovery\casinoMenu.h" />
    <ClInclude Include="src\menu\util\socialclub.h" />
    <ClInclude Include="src\menu\util\inventoryTypes.h" />
    <ClInclude Include="src\menu\util\inventory.h" />
  </ItemGroup>
  <ItemGroup>
    <Library Include="minhook.lib" />
  </ItemGroup>
  <ItemGroup>
    <MASM Include="src\natives\return_address_spoofer.asm" />
  </ItemGroup>
</Project>